
Microsoft Visual Studio Solution File, Format Version 12.00
# Visual Studio Version 16
VisualStudioVersion = 16.0.30330.147
MinimumVisualStudioVersion = 10.0.40219.1
Project("{FAE04EC0-301F-11D3-BF4B-00C04F79EFBC}") = "FPWHotel", "FPWHotel\FPWHotel.csproj", "{F4752736-5620-479A-818C-0EFC1D1FB13C}"
EndProject
Project("{FAE04EC0-301F-11D3-BF4B-00C04F79EFBC}") = "Testes", "Testes\Testes.csproj", "{8E90754A-F8FF-467D-8690-DD8A60F76982}"
EndProject
Global
	GlobalSection(SolutionConfigurationPlatforms) = preSolution
		Debug|Any CPU = Debug|Any CPU
		Release|Any CPU = Release|Any CPU
	EndGlobalSection
	GlobalSection(ProjectConfigurationPlatforms) = postSolution
		{F4752736-5620-479A-818C-0EFC1D1FB13C}.Debug|Any CPU.ActiveCfg = Debug|Any CPU
		{F4752736-5620-479A-818C-0EFC1D1FB13C}.Debug|Any CPU.Build.0 = Debug|Any CPU
		{F4752736-5620-479A-818C-0EFC1D1FB13C}.Release|Any CPU.ActiveCfg = Release|Any CPU
		{F4752736-5620-479A-818C-0EFC1D1FB13C}.Release|Any CPU.Build.0 = Release|Any CPU
		{8E90754A-F8FF-467D-8690-DD8A60F76982}.Debug|Any CPU.ActiveCfg = Debug|Any CPU
		{8E90754A-F8FF-467D-8690-DD8A60F76982}.Debug|Any CPU.Build.0 = Debug|Any CPU
		{8E90754A-F8FF-467D-8690-DD8A60F76982}.Release|Any CPU.ActiveCfg = Release|Any CPU
		{8E90754A-F8FF-467D-8690-DD8A60F76982}.Release|Any CPU.Build.0 = Release|Any CPU
	EndGlobalSection
	GlobalSection(SolutionProperties) = preSolution
		HideSolutionNode = FALSE
	EndGlobalSection
	GlobalSection(ExtensibilityGlobals) = postSolution
		SolutionGuid = {69F5CCC4-86ED-4189-86B3-1D0D96672C1F}
	EndGlobalSection
EndGlobal
